
Microsoft Visual Studio Solution File, Format Version 12.00
# Visual Studio Version 17
VisualStudioVersion = 17.14.36908.2
MinimumVisualStudioVersion = 10.0.40219.1
Project("{FAE04EC0-301F-11D3-BF4B-00C04F79EFBC}") = "chel", "chel\chel.csproj", "{366DC8C4-90D7-4180-8CA1-7B60C66BB7CE}"
EndProject
Project("{FAE04EC0-301F-11D3-BF4B-00C04F79EFBC}") = "UnitTestProject1", "UnitTestProject1\UnitTestProject1.csproj", "{B98A210B-928F-4764-B344-9C1654FFBB1A}"
EndProject
Global
	GlobalSection(SolutionConfigurationPlatforms) = preSolution
		Debug|Any CPU = Debug|Any CPU
		Release|Any CPU = Release|Any CPU
	EndGlobalSection
	GlobalSection(ProjectConfigurationPlatforms) = postSolution
		{366DC8C4-90D7-4180-8CA1-7B60C66BB7CE}.Debug|Any CPU.ActiveCfg = Debug|Any CPU
		{366DC8C4-90D7-4180-8CA1-7B60C66BB7CE}.Debug|Any CPU.Build.0 = Debug|Any CPU
		{366DC8C4-90D7-4180-8CA1-7B60C66BB7CE}.Release|Any CPU.ActiveCfg = Release|Any CPU
		{366DC8C4-90D7-4180-8CA1-7B60C66BB7CE}.Release|Any CPU.Build.0 = Release|Any CPU
		{B98A210B-928F-4764-B344-9C1654FFBB1A}.Debug|Any CPU.ActiveCfg = Debug|Any CPU
		{B98A210B-928F-4764-B344-9C1654FFBB1A}.Debug|Any CPU.Build.0 = Debug|Any CPU
		{B98A210B-928F-4764-B344-9C1654FFBB1A}.Release|Any CPU.ActiveCfg = Release|Any CPU
		{B98A210B-928F-4764-B344-9C1654FFBB1A}.Release|Any CPU.Build.0 = Release|Any CPU
	EndGlobalSection
	GlobalSection(SolutionProperties) = preSolution
		HideSolutionNode = FALSE
	EndGlobalSection
	GlobalSection(ExtensibilityGlobals) = postSolution
		SolutionGuid = {FA216F17-C255-4514-92A3-D0995B11A8D5}
	EndGlobalSection
EndGlobal
